// !$*UTF8*$!
{
	archiveVersion = 1;
	classes = {
	};
	objectVersion = 46;
	objects = {

/* Begin PBXBuildFile section */
		0F734D141F67AD6100459498 /* PluginEntry.cpp in Sources */ = {isa = PBXBuildFile; fileRef = 0F734D131F67AD6100459498 /* PluginEntry.cpp */; };
/* End PBXBuildFile section */

/* Begin PBXFileReference section */
		0F734D131F67AD6100459498 /* PluginEntry.cpp */ = {isa = PBXFileReference; fileEncoding = 4; lastKnownFileType = sourcecode.cpp.cpp; path = PluginEntry.cpp; sourceTree = "<group>"; };
		0F734D151F67AD6800459498 /* AudioPluginInterface.h */ = {isa = PBXFileReference; lastKnownFileType = sourcecode.c.h; path = AudioPluginInterface.h; sourceTree = "<group>"; };
		0FFDAAA61F6783BF00158376 /* AudioPluginSinOsc.bundle */ = {isa = PBXFileReference; explicitFileType = wrapper.cfbundle; includeInIndex = 0; path = AudioPluginSinOsc.bundle; sourceTree = BUILT_PRODUCTS_DIR; };
		0FFDAAA91F6783BF00158376 /* Info.plist */ = {isa = PBXFileReference; lastKnownFileType = text.plist.xml; path = Info.plist; sourceTree = "<group>"; };
/* End PBXFileReference section */

/* Begin PBXFrameworksBuildPhase section */
		0FFDAAA31F6783BF00158376 /* Frameworks */ = {
			isa = PBXFrameworksBuildPhase;
			buildActionMask = 2147483647;
			files = (
			);
			runOnlyForDeploymentPostprocessing = 0;
		};
/* End PBXFrameworksBuildPhase section */

/* Begin PBXGroup section */
		0F734D171F67ADA200459498 /* Plugin */ = {
			isa = PBXGroup;
			children = (
				0F734D151F67AD6800459498 /* AudioPluginInterface.h */,
				0F734D131F67AD6100459498 /* PluginEntry.cpp */,
			);
			name = Plugin;
			path = ..;
			sourceTree = "<group>";
		};
		0FFDAA9D1F6783BF00158376 = {
			isa = PBXGroup;
			children = (
				0F734D171F67ADA200459498 /* Plugin */,
				0FFDAAA81F6783BF00158376 /* AudioPluginSinOsc */,
				0FFDAAA71F6783BF00158376 /* Products */,
			);
			sourceTree = "<group>";
		};
		0FFDAAA71F6783BF00158376 /* Products */ = {
			isa = PBXGroup;
			children = (
				0FFDAAA61F6783BF00158376 /* AudioPluginSinOsc.bundle */,
			);
			name = Products;
			sourceTree = "<group>";
		};
		0FFDAAA81F6783BF00158376 /* AudioPluginSinOsc */ = {
			isa = PBXGroup;
			children = (
				0FFDAAA91F6783BF00158376 /* Info.plist */,
			);
			path = AudioPluginSinOsc;
			sourceTree = "<group>";
		};
/* End PBXGroup section */

/* Begin PBXNativeTarget section */
		0FFDAAA51F6783BF00158376 /* AudioPluginSinOsc */ = {
			isa = PBXNativeTarget;
			buildConfigurationList = 0FFDAAAC1F6783BF00158376 /* Build configuration list for PBXNativeTarget "AudioPluginSinOsc" */;
			buildPhases = (
				0FFDAAA21F6783BF00158376 /* Sources */,
				0FFDAAA31F6783BF00158376 /* Frameworks */,
				0FFDAAA41F6783BF00158376 /* Resources */,
			);
			buildRules = (
			);
			dependencies = (
			);
			name = AudioPluginSinOsc;
			productName = AudioPluginSinOsc;
			productReference = 0FFDAAA61F6783BF00158376 /* AudioPluginSinOsc.bundle */;
			productType = "com.apple.product-type.bundle";
		};
/* End PBXNativeTarget section */

/* Begin PBXProject section */
		0FFDAA9E1F6783BF00158376 /* Project object */ = {
			isa = PBXProject;
			attributes = {
				LastUpgradeCheck = 0830;
				TargetAttributes = {
					0FFDAAA51F6783BF00158376 = {
						CreatedOnToolsVersion = 8.3.3;
						ProvisioningStyle = Automatic;
					};
				};
			};
			buildConfigurationList = 0FFDAAA11F6783BF00158376 /* Build configuration list for PBXProject "AudioPluginSinOsc" */;
			compatibilityVersion = "Xcode 3.2";
			developmentRegion = English;
			hasScannedForEncodings = 0;
			knownRegions = (
				en,
			);
			mainGroup = 0FFDAA9D1F6783BF00158376;
			productRefGroup = 0FFDAAA71F6783BF00158376 /* Products */;
			projectDirPath = "";
			projectRoot = "";
			targets = (
				0FFDAAA51F6783BF00158376 /* AudioPluginSinOsc */,
			);
		};
/* End PBXProject section */

/* Begin PBXResourcesBuildPhase section */
		0FFDAAA41F6783BF00158376 /* Resources */ = {
			isa = PBXResourcesBuildPhase;
			buildActionMask = 2147483647;
			files = (
			);
			runOnlyForDeploymentPostprocessing = 0;
		};
/* End PBXResourcesBuildPhase section */

/* Begin PBXSourcesBuildPhase section */
		0FFDAAA21F6783BF00158376 /* Sources */ = {
			isa = PBXSourcesBuildPhase;
			buildActionMask = 2147483647;
			files = (
				0F734D141F67AD6100459498 /* PluginEntry.cpp in Sources */,
			);
			runOnlyForDeploymentPostprocessing = 0;
		};
/* End PBXSourcesBuildPhase section */

/* Begin XCBuildConfiguration section */
		0FFDAAAA1F6783BF00158376 /* Debug */ = {
			isa = XCBuildConfiguration;
			buildSettings = {
				ALWAYS_SEARCH_USER_PATHS = NO;
				CLANG_ANALYZER_NONNULL = YES;
				CLANG_ANALYZER_NUMBER_OBJECT_CONVERSION = YES_AGGRESSIVE;
				CLANG_CXX_LANGUAGE_STANDARD = "gnu++0x";
				CLANG_CXX_LIBRARY = "libc++";
				CLANG_ENABLE_MODULES = YES;
				CLANG_ENABLE_OBJC_ARC = YES;
				CLANG_WARN_BOOL_CONVERSION = YES;
				CLANG_WARN_CONSTANT_CONVERSION = YES;
				CLANG_WARN_DIRECT_OBJC_ISA_USAGE = YES_ERROR;
				CLANG_WARN_DOCUMENTATION_COMMENTS = YES;
				CLANG_WARN_EMPTY_BODY = YES;
				CLANG_WARN_ENUM_CONVERSION = YES;
				CLANG_WARN_INFINITE_RECURSION = YES;
				CLANG_WARN_INT_CONVERSION = YES;
				CLANG_WARN_OBJC_ROOT_CLASS = YES_ERROR;
				CLANG_WARN_SUSPICIOUS_MOVE = YES;
				CLANG_WARN_UNREACHABLE_CODE = YES;
				CLANG_WARN__DUPLICATE_METHOD_MATCH = YES;
				CODE_SIGN_IDENTITY = "-";
				COPY_PHASE_STRIP = NO;
				DEBUG_INFORMATION_FORMAT = dwarf;
				ENABLE_STRICT_OBJC_MSGSEND = YES;
				ENABLE_TESTABILITY = YES;
				GCC_C_LANGUAGE_STANDARD = gnu99;
				GCC_DYNAMIC_NO_PIC = NO;
				GCC_NO_COMMON_BLOCKS = YES;
				GCC_OPTIMIZATION_LEVEL = 0;
				GCC_PREPROCESSOR_DEFINITIONS = (
					"DEBUG=1",
					"$(inherited)",
				);
				GCC_WARN_64_TO_32_BIT_CONVERSION = YES;
				GCC_WARN_ABOUT_RETURN_TYPE = YES_ERROR;
				GCC_WARN_UNDECLARED_SELECTOR = YES;
				GCC_WARN_UNINITIALIZED_AUTOS = YES_AGGRESSIVE;
				GCC_WARN_UNUSED_FUNCTION = YES;
				GCC_WARN_UNUSED_VARIABLE = YES;
				MACOSX_DEPLOYMENT_TARGET = 10.12;
				MTL_ENABLE_DEBUG_INFO = YES;
				ONLY_ACTIVE_ARCH = YES;
				SDKROOT = macosx;
			};
			name = Debug;
		};
		0FFDAAAB1F6783BF00158376 /* Release */ = {
			isa = XCBuildConfiguration;
			buildSettings = {
				ALWAYS_SEARCH_USER_PATHS = NO;
				CLANG_ANALYZER_NONNULL = YES;
				CLANG_ANALYZER_NUMBER_OBJECT_CONVERSION = YES_AGGRESSIVE;
				CLANG_CXX_LANGUAGE_STANDARD = "gnu++0x";
				CLANG_CXX_LIBRARY = "libc++";
				CLANG_ENABLE_MODULES = YES;
				CLANG_ENABLE_OBJC_ARC = YES;
				CLANG_WARN_BOOL_CONVERSION = YES;
				CLANG_WARN_CONSTANT_CONVERSION = YES;
				CLANG_WARN_DIRECT_OBJC_ISA_USAGE = YES_ERROR;
				CLANG_WARN_DOCUMENTATION_COMMENTS = YES;
				CLANG_WARN_EMPTY_BODY = YES;
				CLANG_WARN_ENUM_CONVERSION = YES;
				CLANG_WARN_INFINITE_RECURSION = YES;
				CLANG_WARN_INT_CONVERSION = YES;
				CLANG_WARN_OBJC_ROOT_CLASS = YES_ERROR;
				CLANG_WARN_SUSPICIOUS_MOVE = YES;
				CLANG_WARN_UNREACHABLE_CODE = YES;
				CLANG_WARN__DUPLICATE_METHOD_MATCH = YES;
				CODE_SIGN_IDENTITY = "-";
				COPY_PHASE_STRIP = NO;
				DEBUG_INFORMATION_FORMAT = "dwarf-with-dsym";
				ENABLE_NS_ASSERTIONS = NO;
				ENABLE_STRICT_OBJC_MSGSEND = YES;
				GCC_C_LANGUAGE_STANDARD = gnu99;
				GCC_NO_COMMON_BLOCKS = YES;
				GCC_WARN_64_TO_32_BIT_CONVERSION = YES;
				GCC_WARN_ABOUT_RETURN_TYPE = YES_ERROR;
				GCC_WARN_UNDECLARED_SELECTOR = YES;
				GCC_WARN_UNINITIALIZED_AUTOS = YES_AGGRESSIVE;
				GCC_WARN_UNUSED_FUNCTION = YES;
				GCC_WARN_UNUSED_VARIABLE = YES;
				MACOSX_DEPLOYMENT_TARGET = 10.12;
				MTL_ENABLE_DEBUG_INFO = NO;
				SDKROOT = macosx;
			};
			name = Release;
		};
		0FFDAAAD1F6783BF00158376 /* Debug */ = {
			isa = XCBuildConfiguration;
			buildSettings = {
				COMBINE_HIDPI_IMAGES = YES;
				INFOPLIST_FILE = Info.plist;
				INSTALL_PATH = "$(LOCAL_LIBRARY_DIR)/Bundles";
				PRODUCT_BUNDLE_IDENTIFIER = tokyo.keijiro.AudioPluginSinOsc;
				PRODUCT_NAME = "$(TARGET_NAME)";
				SKIP_INSTALL = YES;
				WRAPPER_EXTENSION = bundle;
			};
			name = Debug;
		};
		0FFDAAAE1F6783BF00158376 /* Release */ = {
			isa = XCBuildConfiguration;
			buildSettings = {
				COMBINE_HIDPI_IMAGES = YES;
				INFOPLIST_FILE = Info.plist;
				INSTALL_PATH = "$(LOCAL_LIBRARY_DIR)/Bundles";
				PRODUCT_BUNDLE_IDENTIFIER = tokyo.keijiro.AudioPluginSinOsc;
				PRODUCT_NAME = "$(TARGET_NAME)";
				SKIP_INSTALL = YES;
				WRAPPER_EXTENSION = bundle;
			};
			name = Release;
		};
/* End XCBuildConfiguration section */

/* Begin XCConfigurationList section */
		0FFDAAA11F6783BF00158376 /* Build configuration list for PBXProject "AudioPluginSinOsc" */ = {
			isa = XCConfigurationList;
			buildConfigurations = (
				0FFDAAAA1F6783BF00158376 /* Debug */,
				0FFDAAAB1F6783BF00158376 /* Release */,
			);
			defaultConfigurationIsVisible = 0;
			defaultConfigurationName = Release;
		};
		0FFDAAAC1F6783BF00158376 /* Build configuration list for PBXNativeTarget "AudioPluginSinOsc" */ = {
			isa = XCConfigurationList;
			buildConfigurations = (
				0FFDAAAD1F6783BF00158376 /* Debug */,
				0FFDAAAE1F6783BF00158376 /* Release */,
			);
			defaultConfigurationIsVisible = 0;
			defaultConfigurationName = Release;
		};
/* End XCConfigurationList section */
	};
	rootObject = 0FFDAA9E1F6783BF00158376 /* Project object */;
}
